
Microsoft Visual Studio Solution File, Format Version 12.00
# Visual Studio Version 16
VisualStudioVersion = 16.0.31515.178
MinimumVisualStudioVersion = 10.0.40219.1
Project("{9A19103F-16F7-4668-BE54-9A1E7A4F7556}") = "OnlineStore", "OnlineStore\OnlineStore.csproj", "{FF924731-F0F3-467B-8674-DF2E92A31482}"
EndProject
Project("{9A19103F-16F7-4668-BE54-9A1E7A4F7556}") = "DataLayer", "DataLayer\DataLayer.csproj", "{8FA14DC4-EC8E-4781-AF34-1B8C270F2C2E}"
EndProject
Project("{9A19103F-16F7-4668-BE54-9A1E7A4F7556}") = "OnlineShop_Service", "OnlineShop_Service\OnlineShop_Service.csproj", "{4F925407-95AC-4E96-98A3-B73ADA76E5E7}"
EndProject
Global
	GlobalSection(SolutionConfigurationPlatforms) = preSolution
		Debug|Any CPU = Debug|Any CPU
		Release|Any CPU = Release|Any CPU
	EndGlobalSection
	GlobalSection(ProjectConfigurationPlatforms) = postSolution
		{FF924731-F0F3-467B-8674-DF2E92A31482}.Debug|Any CPU.ActiveCfg = Debug|Any CPU
		{FF924731-F0F3-467B-8674-DF2E92A31482}.Debug|Any CPU.Build.0 = Debug|Any CPU
		{FF924731-F0F3-467B-8674-DF2E92A31482}.Release|Any CPU.ActiveCfg = Release|Any CPU
		{FF924731-F0F3-467B-8674-DF2E92A31482}.Release|Any CPU.Build.0 = Release|Any CPU
		{8FA14DC4-EC8E-4781-AF34-1B8C270F2C2E}.Debug|Any CPU.ActiveCfg = Debug|Any CPU
		{8FA14DC4-EC8E-4781-AF34-1B8C270F2C2E}.Debug|Any CPU.Build.0 = Debug|Any CPU
		{8FA14DC4-EC8E-4781-AF34-1B8C270F2C2E}.Release|Any CPU.ActiveCfg = Release|Any CPU
		{8FA14DC4-EC8E-4781-AF34-1B8C270F2C2E}.Release|Any CPU.Build.0 = Release|Any CPU
		{4F925407-95AC-4E96-98A3-B73ADA76E5E7}.Debug|Any CPU.ActiveCfg = Debug|Any CPU
		{4F925407-95AC-4E96-98A3-B73ADA76E5E7}.Debug|Any CPU.Build.0 = Debug|Any CPU
		{4F925407-95AC-4E96-98A3-B73ADA76E5E7}.Release|Any CPU.ActiveCfg = Release|Any CPU
		{4F925407-95AC-4E96-98A3-B73ADA76E5E7}.Release|Any CPU.Build.0 = Release|Any CPU
	EndGlobalSection
	GlobalSection(SolutionProperties) = preSolution
		HideSolutionNode = FALSE
	EndGlobalSection
	GlobalSection(ExtensibilityGlobals) = postSolution
		SolutionGuid = {DD0B51C3-09D2-4476-B112-E56487F9C35A}
	EndGlobalSection
EndGlobal
